
Microsoft Visual Studio Solution File, Format Version 11.00
# Visual Studio 2010
Project("{FAE04EC0-301F-11D3-BF4B-00C04F79EFBC}") = "DaggersBlood-master", "Assembly-CSharp.csproj", "{C9FCA3F9-1C43-9235-6174-95E4FCA619BF}"
EndProject
Project("{FAE04EC0-301F-11D3-BF4B-00C04F79EFBC}") = "DaggersBlood-master", "Assembly-CSharp-Editor.csproj", "{7156CBE7-D74E-A7B0-585B-804CB2A70731}"
EndProject
Global
	GlobalSection(SolutionConfigurationPlatforms) = preSolution
		Debug|Any CPU = Debug|Any CPU
		Release|Any CPU = Release|Any CPU
	EndGlobalSection
	GlobalSection(ProjectConfigurationPlatforms) = postSolution
		{C9FCA3F9-1C43-9235-6174-95E4FCA619BF}.Debug|Any CPU.ActiveCfg = Debug|Any CPU
		{C9FCA3F9-1C43-9235-6174-95E4FCA619BF}.Debug|Any CPU.Build.0 = Debug|Any CPU
		{C9FCA3F9-1C43-9235-6174-95E4FCA619BF}.Release|Any CPU.ActiveCfg = Release|Any CPU
		{C9FCA3F9-1C43-9235-6174-95E4FCA619BF}.Release|Any CPU.Build.0 = Release|Any CPU
		{7156CBE7-D74E-A7B0-585B-804CB2A70731}.Debug|Any CPU.ActiveCfg = Debug|Any CPU
		{7156CBE7-D74E-A7B0-585B-804CB2A70731}.Debug|Any CPU.Build.0 = Debug|Any CPU
		{7156CBE7-D74E-A7B0-585B-804CB2A70731}.Release|Any CPU.ActiveCfg = Release|Any CPU
		{7156CBE7-D74E-A7B0-585B-804CB2A70731}.Release|Any CPU.Build.0 = Release|Any CPU
	EndGlobalSection
	GlobalSection(SolutionProperties) = preSolution
		HideSolutionNode = FALSE
	EndGlobalSection
	GlobalSection(MonoDevelopProperties) = preSolution
		StartupItem = Assembly-CSharp.csproj
	EndGlobalSection
EndGlobal
